
Microsoft Visual Studio Solution File, Format Version 12.00
# Visual Studio Version 17
VisualStudioVersion = 17.11.35219.272
MinimumVisualStudioVersion = 10.0.40219.1
Project("{FAE04EC0-301F-11D3-BF4B-00C04F79EFBC}") = "hyundai", "hyundai.csproj", "{6A75B979-7719-44E1-BB24-9EA312B062FB}"
EndProject
Global
	GlobalSection(SolutionConfigurationPlatforms) = preSolution
		Debug|Any CPU = Debug|Any CPU
		Release|Any CPU = Release|Any CPU
	EndGlobalSection
	GlobalSection(ProjectConfigurationPlatforms) = postSolution
		{6A75B979-7719-44E1-BB24-9EA312B062FB}.Debug|Any CPU.ActiveCfg = Debug|Any CPU
		{6A75B979-7719-44E1-BB24-9EA312B062FB}.Debug|Any CPU.Build.0 = Debug|Any CPU
		{6A75B979-7719-44E1-BB24-9EA312B062FB}.Release|Any CPU.ActiveCfg = Release|Any CPU
		{6A75B979-7719-44E1-BB24-9EA312B062FB}.Release|Any CPU.Build.0 = Release|Any CPU
	EndGlobalSection
	GlobalSection(SolutionProperties) = preSolution
		HideSolutionNode = FALSE
	EndGlobalSection
	GlobalSection(ExtensibilityGlobals) = postSolution
		SolutionGuid = {DC213A56-71E8-42A4-ABE6-B08AB1FD0DC7}
	EndGlobalSection
EndGlobal
